# This file is automatically @generated by Cargo.
# It is not intended for manual editing.
version = 4

[[package]]
name = "ab_glyph"
version = "0.2.29"
source = "registry+https://github.com/rust-lang/crates.io-index"
checksum = "ec3672c180e71eeaaac3a541fbbc5f5ad4def8b747c595ad30d674e43049f7b0"
dependencies = [
 "ab_glyph_rasterizer",
 "owned_ttf_parser",
]

[[package]]
name = "ab_glyph_rasterizer"
version = "0.1.8"
source = "registry+https://github.com/rust-lang/crates.io-index"
checksum = "c71b1793ee61086797f5c80b6efa2b8ffa6d5dd703f118545808a7f2e27f7046"

[[package]]
name = "anyhow"
version = "1.0.98"
source = "registry+https://github.com/rust-lang/crates.io-index"
checksum = "e16d2d3311acee920a9eb8d33b8cbc1787ce4a264e85f964c2404b969bdcd487"

[[package]]
name = "owned_ttf_parser"
version = "0.25.0"
source = "registry+https://github.com/rust-lang/crates.io-index"
checksum = "22ec719bbf3b2a81c109a4e20b1f129b5566b7dce654bc3872f6a05abf82b2c4"
dependencies = [
 "ttf-parser",
]

[[package]]
name = "ttf-parser"
version = "0.25.1"
source = "registry+https://github.com/rust-lang/crates.io-index"
checksum = "d2df906b07856748fa3f6e0ad0cbaa047052d4a7dd609e231c4f72cee8c36f31"

[[package]]
name = "typistapp"
version = "0.1.0"
dependencies = [
 "ab_glyph",
 "anyhow",
]
